
Microsoft Visual Studio Solution File, Format Version 12.00
# Visual Studio Version 16
VisualStudioVersion = 16.0.29519.87
MinimumVisualStudioVersion = 10.0.40219.1
Project("{FAE04EC0-301F-11D3-BF4B-00C04F79EFBC}") = "QuickBuy.Dominio", "QuickBuy.Dominio\QuickBuy.Dominio.csproj", "{A8AAFF9B-FC06-4700-8C60-230162402ACA}"
EndProject
Project("{FAE04EC0-301F-11D3-BF4B-00C04F79EFBC}") = "QuickBuy.Repositorio", "QuickBuy.Repositorio\QuickBuy.Repositorio.csproj", "{C9C327D0-888D-48B6-B022-E2C1DBFB0AA1}"
EndProject
Project("{FAE04EC0-301F-11D3-BF4B-00C04F79EFBC}") = "QuickBuy.Web", "QuickBuy.Web\QuickBuy.Web.csproj", "{26B6D4A7-EF93-4742-BD56-6CEB258B7BA1}"
EndProject
Global
	GlobalSection(SolutionConfigurationPlatforms) = preSolution
		Debug|Any CPU = Debug|Any CPU
		Release|Any CPU = Release|Any CPU
	EndGlobalSection
	GlobalSection(ProjectConfigurationPlatforms) = postSolution
		{A8AAFF9B-FC06-4700-8C60-230162402ACA}.Debug|Any CPU.ActiveCfg = Debug|Any CPU
		{A8AAFF9B-FC06-4700-8C60-230162402ACA}.Debug|Any CPU.Build.0 = Debug|Any CPU
		{A8AAFF9B-FC06-4700-8C60-230162402ACA}.Release|Any CPU.ActiveCfg = Release|Any CPU
		{A8AAFF9B-FC06-4700-8C60-230162402ACA}.Release|Any CPU.Build.0 = Release|Any CPU
		{C9C327D0-888D-48B6-B022-E2C1DBFB0AA1}.Debug|Any CPU.ActiveCfg = Debug|Any CPU
		{C9C327D0-888D-48B6-B022-E2C1DBFB0AA1}.Debug|Any CPU.Build.0 = Debug|Any CPU
		{C9C327D0-888D-48B6-B022-E2C1DBFB0AA1}.Release|Any CPU.ActiveCfg = Release|Any CPU
		{C9C327D0-888D-48B6-B022-E2C1DBFB0AA1}.Release|Any CPU.Build.0 = Release|Any CPU
		{26B6D4A7-EF93-4742-BD56-6CEB258B7BA1}.Debug|Any CPU.ActiveCfg = Debug|Any CPU
		{26B6D4A7-EF93-4742-BD56-6CEB258B7BA1}.Debug|Any CPU.Build.0 = Debug|Any CPU
		{26B6D4A7-EF93-4742-BD56-6CEB258B7BA1}.Release|Any CPU.ActiveCfg = Release|Any CPU
		{26B6D4A7-EF93-4742-BD56-6CEB258B7BA1}.Release|Any CPU.Build.0 = Release|Any CPU
	EndGlobalSection
	GlobalSection(SolutionProperties) = preSolution
		HideSolutionNode = FALSE
	EndGlobalSection
	GlobalSection(ExtensibilityGlobals) = postSolution
		SolutionGuid = {4203D882-C5B4-4877-A2C9-D9888C87F961}
	EndGlobalSection
EndGlobal
